
Microsoft Visual Studio Solution File, Format Version 12.00
# Visual Studio Version 17
VisualStudioVersion = 17.14.36203.30
MinimumVisualStudioVersion = 10.0.40219.1
Project("{FAE04EC0-301F-11D3-BF4B-00C04F79EFBC}") = "Keswa Project", "Keswa Project.csproj", "{4BDD9CE0-FDD1-4912-81D3-791C23D36312}"
EndProject
Project("{FAE04EC0-301F-11D3-BF4B-00C04F79EFBC}") = "Keswa Entities", "Keswa Entities\Keswa Entities.csproj", "{4BB9D36D-BC7D-5E4B-F097-C9A3BFA7CD47}"
EndProject
Project("{FAE04EC0-301F-11D3-BF4B-00C04F79EFBC}") = "Keswa Untilities", "Keswa Untilities\Keswa Untilities.csproj", "{A3EC9F29-7306-1ECD-F277-ED69CD7D29B1}"
EndProject
Project("{FAE04EC0-301F-11D3-BF4B-00C04F79EFBC}") = "Keswa Data Access", "Kesawa Data Access\Keswa Data Access.csproj", "{4E1B05D2-8B02-3FCC-DF2B-3715354A447F}"
EndProject
Global
	GlobalSection(SolutionConfigurationPlatforms) = preSolution
		Debug|Any CPU = Debug|Any CPU
		Release|Any CPU = Release|Any CPU
	EndGlobalSection
	GlobalSection(ProjectConfigurationPlatforms) = postSolution
		{4BDD9CE0-FDD1-4912-81D3-791C23D36312}.Debug|Any CPU.ActiveCfg = Debug|Any CPU
		{4BDD9CE0-FDD1-4912-81D3-791C23D36312}.Debug|Any CPU.Build.0 = Debug|Any CPU
		{4BDD9CE0-FDD1-4912-81D3-791C23D36312}.Release|Any CPU.ActiveCfg = Release|Any CPU
		{4BDD9CE0-FDD1-4912-81D3-791C23D36312}.Release|Any CPU.Build.0 = Release|Any CPU
		{4BB9D36D-BC7D-5E4B-F097-C9A3BFA7CD47}.Debug|Any CPU.ActiveCfg = Debug|Any CPU
		{4BB9D36D-BC7D-5E4B-F097-C9A3BFA7CD47}.Debug|Any CPU.Build.0 = Debug|Any CPU
		{4BB9D36D-BC7D-5E4B-F097-C9A3BFA7CD47}.Release|Any CPU.ActiveCfg = Release|Any CPU
		{4BB9D36D-BC7D-5E4B-F097-C9A3BFA7CD47}.Release|Any CPU.Build.0 = Release|Any CPU
		{A3EC9F29-7306-1ECD-F277-ED69CD7D29B1}.Debug|Any CPU.ActiveCfg = Debug|Any CPU
		{A3EC9F29-7306-1ECD-F277-ED69CD7D29B1}.Debug|Any CPU.Build.0 = Debug|Any CPU
		{A3EC9F29-7306-1ECD-F277-ED69CD7D29B1}.Release|Any CPU.ActiveCfg = Release|Any CPU
		{A3EC9F29-7306-1ECD-F277-ED69CD7D29B1}.Release|Any CPU.Build.0 = Release|Any CPU
		{4E1B05D2-8B02-3FCC-DF2B-3715354A447F}.Debug|Any CPU.ActiveCfg = Debug|Any CPU
		{4E1B05D2-8B02-3FCC-DF2B-3715354A447F}.Debug|Any CPU.Build.0 = Debug|Any CPU
		{4E1B05D2-8B02-3FCC-DF2B-3715354A447F}.Release|Any CPU.ActiveCfg = Release|Any CPU
		{4E1B05D2-8B02-3FCC-DF2B-3715354A447F}.Release|Any CPU.Build.0 = Release|Any CPU
	EndGlobalSection
	GlobalSection(SolutionProperties) = preSolution
		HideSolutionNode = FALSE
	EndGlobalSection
	GlobalSection(ExtensibilityGlobals) = postSolution
		SolutionGuid = {8F891AC1-F82E-4D37-B558-3907BC05AB8D}
	EndGlobalSection
EndGlobal
